
Microsoft Visual Studio Solution File, Format Version 12.00
# Visual Studio Version 17
VisualStudioVersion = 17.1.32421.90
MinimumVisualStudioVersion = 10.0.40219.1
Project("{9A19103F-16F7-4668-BE54-9A1E7A4F7556}") = "Linq", "Linq.csproj", "{C75970DC-0938-4C60-A5E0-1A64B1A27E94}"
EndProject
Project("{9A19103F-16F7-4668-BE54-9A1E7A4F7556}") = "EfConventionalRelationships", "..\EfConventionalRelationships\EfConventionalRelationships.csproj", "{A52019B7-A015-4C3F-BB06-61FD96527A16}"
EndProject
Project("{9A19103F-16F7-4668-BE54-9A1E7A4F7556}") = "Cqrs_MediatR_Implementation", "..\Cqrs_MeditrImplementation\Cqrs_MediatR_Implementation.csproj", "{6BCC53DA-C444-460C-8F6C-CCB85C62AFE6}"
EndProject
Project("{9A19103F-16F7-4668-BE54-9A1E7A4F7556}") = "RepositoryPattern.WebApi", "..\RepositoryPattern.WebApi\RepositoryPattern.WebApi.csproj", "{DD07DC0B-E597-4993-8E28-0350DE264BA3}"
EndProject
Project("{9A19103F-16F7-4668-BE54-9A1E7A4F7556}") = "RepositoryPattern.Domain", "..\RepositoryPattern.Domain\RepositoryPattern.Domain.csproj", "{3200C896-8785-4CB3-A3D7-604A1688FB8B}"
EndProject
Project("{9A19103F-16F7-4668-BE54-9A1E7A4F7556}") = "RepositoryPattern.DataAccess.EfCore", "..\RepositoryPattern.DataAccess.EfCore\RepositoryPattern.DataAccess.EfCore.csproj", "{D1DDCFC1-0614-47C2-9D9C-01A5B00CE103}"
EndProject
Project("{FAE04EC0-301F-11D3-BF4B-00C04F79EFBC}") = "AuthECAPI", "..\AuthECAPI\AuthECAPI.csproj", "{26BCD387-B42F-4DE8-929F-DC4A26BC7388}"
EndProject
Global
	GlobalSection(SolutionConfigurationPlatforms) = preSolution
		Debug|Any CPU = Debug|Any CPU
		Release|Any CPU = Release|Any CPU
	EndGlobalSection
	GlobalSection(ProjectConfigurationPlatforms) = postSolution
		{C75970DC-0938-4C60-A5E0-1A64B1A27E94}.Debug|Any CPU.ActiveCfg = Debug|Any CPU
		{C75970DC-0938-4C60-A5E0-1A64B1A27E94}.Debug|Any CPU.Build.0 = Debug|Any CPU
		{C75970DC-0938-4C60-A5E0-1A64B1A27E94}.Release|Any CPU.ActiveCfg = Release|Any CPU
		{C75970DC-0938-4C60-A5E0-1A64B1A27E94}.Release|Any CPU.Build.0 = Release|Any CPU
		{A52019B7-A015-4C3F-BB06-61FD96527A16}.Debug|Any CPU.ActiveCfg = Debug|Any CPU
		{A52019B7-A015-4C3F-BB06-61FD96527A16}.Debug|Any CPU.Build.0 = Debug|Any CPU
		{A52019B7-A015-4C3F-BB06-61FD96527A16}.Release|Any CPU.ActiveCfg = Release|Any CPU
		{A52019B7-A015-4C3F-BB06-61FD96527A16}.Release|Any CPU.Build.0 = Release|Any CPU
		{6BCC53DA-C444-460C-8F6C-CCB85C62AFE6}.Debug|Any CPU.ActiveCfg = Debug|Any CPU
		{6BCC53DA-C444-460C-8F6C-CCB85C62AFE6}.Debug|Any CPU.Build.0 = Debug|Any CPU
		{6BCC53DA-C444-460C-8F6C-CCB85C62AFE6}.Release|Any CPU.ActiveCfg = Release|Any CPU
		{6BCC53DA-C444-460C-8F6C-CCB85C62AFE6}.Release|Any CPU.Build.0 = Release|Any CPU
		{DD07DC0B-E597-4993-8E28-0350DE264BA3}.Debug|Any CPU.ActiveCfg = Debug|Any CPU
		{DD07DC0B-E597-4993-8E28-0350DE264BA3}.Debug|Any CPU.Build.0 = Debug|Any CPU
		{DD07DC0B-E597-4993-8E28-0350DE264BA3}.Release|Any CPU.ActiveCfg = Release|Any CPU
		{DD07DC0B-E597-4993-8E28-0350DE264BA3}.Release|Any CPU.Build.0 = Release|Any CPU
		{3200C896-8785-4CB3-A3D7-604A1688FB8B}.Debug|Any CPU.ActiveCfg = Debug|Any CPU
		{3200C896-8785-4CB3-A3D7-604A1688FB8B}.Debug|Any CPU.Build.0 = Debug|Any CPU
		{3200C896-8785-4CB3-A3D7-604A1688FB8B}.Release|Any CPU.ActiveCfg = Release|Any CPU
		{3200C896-8785-4CB3-A3D7-604A1688FB8B}.Release|Any CPU.Build.0 = Release|Any CPU
		{D1DDCFC1-0614-47C2-9D9C-01A5B00CE103}.Debug|Any CPU.ActiveCfg = Debug|Any CPU
		{D1DDCFC1-0614-47C2-9D9C-01A5B00CE103}.Debug|Any CPU.Build.0 = Debug|Any CPU
		{D1DDCFC1-0614-47C2-9D9C-01A5B00CE103}.Release|Any CPU.ActiveCfg = Release|Any CPU
		{D1DDCFC1-0614-47C2-9D9C-01A5B00CE103}.Release|Any CPU.Build.0 = Release|Any CPU
		{26BCD387-B42F-4DE8-929F-DC4A26BC7388}.Debug|Any CPU.ActiveCfg = Debug|Any CPU
		{26BCD387-B42F-4DE8-929F-DC4A26BC7388}.Debug|Any CPU.Build.0 = Debug|Any CPU
		{26BCD387-B42F-4DE8-929F-DC4A26BC7388}.Release|Any CPU.ActiveCfg = Release|Any CPU
		{26BCD387-B42F-4DE8-929F-DC4A26BC7388}.Release|Any CPU.Build.0 = Release|Any CPU
	EndGlobalSection
	GlobalSection(SolutionProperties) = preSolution
		HideSolutionNode = FALSE
	EndGlobalSection
	GlobalSection(ExtensibilityGlobals) = postSolution
		SolutionGuid = {B74A2432-1360-4F1E-AF5B-2C141D30C677}
	EndGlobalSection
EndGlobal
